<Solution>
  <Folder Name="/src/" />
  <Folder Name="/src/Backend/">
    <Project Path="src/Backend/MyRecipeBook.Api/MyRecipeBook.Api.csproj" />
    <Project Path="src/Backend/MyRecipeBook.Application/MyRecipeBook.Application.csproj" Id="e87f3bdc-5928-454d-a6a1-2690ae8bd027" />
    <Project Path="src/Backend/MyRecipeBook.Domain/MyRecipeBook.Domain.csproj" Id="a9aac849-b091-4c8e-9e62-159edf39958c" />
    <Project Path="src/Backend/MyRecipeBook.Infrastructure/MyRecipeBook.Infrastructure.csproj" Id="c547ec86-f113-43bb-9db0-a9586d05e3a2" />
  </Folder>
  <Folder Name="/src/Shared/">
    <Project Path="src/Shared/MyRecipeBook.Communication/MyRecipeBook.Communication.csproj" Id="619dee7e-68b4-4cca-845d-6a4b6d20b635" />
    <Project Path="src/Shared/MyRecipeBook.Exception/MyRecipeBook.Exception.csproj" Id="1ff1fa33-46ff-45c3-8b27-9b9ea14757d6" />
  </Folder>
  <Folder Name="/tests/">
    <Project Path="tests/CommonTestUtilities/CommonTestUtilities.csproj" Id="bb4ccfc0-7aaf-4564-9e42-32fd597aaa1b" />
    <Project Path="tests/UseCases.Tests/UseCases.Tests.csproj" Id="f0ee8ba2-2393-4de3-a6d3-7875d25e8301" />
    <Project Path="tests/Validators.Tests/Validators.Tests.csproj" Id="461f546d-80bf-4e2d-80bd-9abe758c8bcf" />
    <Project Path="tests/WebApi.Tests/WebApi.Tests.csproj" Id="cb5f4050-766f-46b3-9eb1-8e247f660f7a" />
  </Folder>
</Solution>
